{
  "name": "visca-over-ip",
  "version": "1.0.0",
  "lockfileVersion": 2,
  "requires": true,
  "packages": {
    "": {
      "name": "visca-over-ip",
      "version": "1.0.0",
      "license": "ISC",
      "dependencies": {
        "node-global-key-listener": "^0.1.1"
      },
      "devDependencies": {
        "@types/node": "^18.7.6",
        "typescript": "^4.7.4"
      }
    },
    "node_modules/@types/node": {
      "version": "18.7.6",
      "resolved": "https://registry.npmjs.org/@types/node/-/node-18.7.6.tgz",
      "integrity": "sha512-EdxgKRXgYsNITy5mjjXjVE/CS8YENSdhiagGrLqjG0pvA2owgJ6i4l7wy/PFZGC0B1/H20lWKN7ONVDNYDZm7A==",
      "dev": true
    },
    "node_modules/node-global-key-listener": {
      "version": "0.1.1",
      "resolved": "https://registry.npmjs.org/node-global-key-listener/-/node-global-key-listener-0.1.1.tgz",
      "integrity": "sha512-xPuMrjVDJSMWg1VchV4ynrE3I1nCtk84NRZWRr4WiPBAeauBEvmE7bMMmvLZbS7F5Z+xdK6YIhazhervyBINLw==",
      "dependencies": {
        "sudo-prompt": "^9.2.1"
      }
    },
    "node_modules/sudo-prompt": {
      "version": "9.2.1",
      "resolved": "https://registry.npmjs.org/sudo-prompt/-/sudo-prompt-9.2.1.tgz",
      "integrity": "sha512-Mu7R0g4ig9TUuGSxJavny5Rv0egCEtpZRNMrZaYS1vxkiIxGiGUwoezU3LazIQ+KE04hTrTfNPgxU5gzi7F5Pw=="
    },
    "node_modules/typescript": {
      "version": "4.7.4",
      "resolved": "https://registry.npmjs.org/typescript/-/typescript-4.7.4.tgz",
      "integrity": "sha512-C0WQT0gezHuw6AdY1M2jxUO83Rjf0HP7Sk1DtXj6j1EwkQNZrHAg2XPWlq62oqEhYvONq5pkC2Y9oPljWToLmQ==",
      "dev": true,
      "bin": {
        "tsc": "bin/tsc",
        "tsserver": "bin/tsserver"
      },
      "engines": {
        "node": ">=4.2.0"
      }
    }
  },
  "dependencies": {
    "@types/node": {
      "version": "18.7.6",
      "resolved": "https://registry.npmjs.org/@types/node/-/node-18.7.6.tgz",
      "integrity": "sha512-EdxgKRXgYsNITy5mjjXjVE/CS8YENSdhiagGrLqjG0pvA2owgJ6i4l7wy/PFZGC0B1/H20lWKN7ONVDNYDZm7A==",
      "dev": true
    },
    "node-global-key-listener": {
      "version": "0.1.1",
      "resolved": "https://registry.npmjs.org/node-global-key-listener/-/node-global-key-listener-0.1.1.tgz",
      "integrity": "sha512-xPuMrjVDJSMWg1VchV4ynrE3I1nCtk84NRZWRr4WiPBAeauBEvmE7bMMmvLZbS7F5Z+xdK6YIhazhervyBINLw==",
      "requires": {
        "sudo-prompt": "^9.2.1"
      }
    },
    "sudo-prompt": {
      "version": "9.2.1",
      "resolved": "https://registry.npmjs.org/sudo-prompt/-/sudo-prompt-9.2.1.tgz",
      "integrity": "sha512-Mu7R0g4ig9TUuGSxJavny5Rv0egCEtpZRNMrZaYS1vxkiIxGiGUwoezU3LazIQ+KE04hTrTfNPgxU5gzi7F5Pw=="
    },
    "typescript": {
      "version": "4.7.4",
      "resolved": "https://registry.npmjs.org/typescript/-/typescript-4.7.4.tgz",
      "integrity": "sha512-C0WQT0gezHuw6AdY1M2jxUO83Rjf0HP7Sk1DtXj6j1EwkQNZrHAg2XPWlq62oqEhYvONq5pkC2Y9oPljWToLmQ==",
      "dev": true
    }
  }
}
